<?xml version="1.0" encoding="utf-8"?>
<Project ToolsVersion="4.0" xmlns="http://schemas.microsoft.com/developer/msbuild/2003">
  <ItemGroup>
    <Filter Include="include">
      <UniqueIdentifier>{be482c8e-903a-4173-8abe-d1b3ec3fbb4a}</UniqueIdentifier>
    </Filter>
    <Filter Include="source">
      <UniqueIdentifier>{9c8c9a03-a584-4979-963f-4e09732cd586}</UniqueIdentifier>
    </Filter>
  </ItemGroup>
  <ItemGroup>
    <ClInclude Include="DataChunkWrite.h">
      <Filter>include</Filter>
    </ClInclude>
    <ClInclude Include="Prerequest.h">
      <Filter>include</Filter>
    </ClInclude>
  </ItemGroup>
  <ItemGroup>
    <ClCompile Include="DataChunkWrite.cpp">
      <Filter>source</Filter>
    </ClCompile>
  </ItemGroup>
</Project>