<?xml version="1.0" encoding="utf-8"?>
<Project ToolsVersion="4.0" xmlns="http://schemas.microsoft.com/developer/msbuild/2003">
  <ItemGroup>
    <Filter Include="include">
      <UniqueIdentifier>{8f677dba-7d82-4dec-80bd-225fd2763c70}</UniqueIdentifier>
    </Filter>
    <Filter Include="source">
      <UniqueIdentifier>{b842e938-fb49-4d1b-b13f-342430198c68}</UniqueIdentifier>
    </Filter>
  </ItemGroup>
  <ItemGroup>
    <ClInclude Include="D3D9RenderSystem.h">
      <Filter>include</Filter>
    </ClInclude>
    <ClInclude Include="D3D9Texture.h">
      <Filter>include</Filter>
    </ClInclude>
    <ClInclude Include="D3D9Prerequest.h">
      <Filter>include</Filter>
    </ClInclude>
  </ItemGroup>
  <ItemGroup>
    <ClCompile Include="D3D9RenderSystem.cpp">
      <Filter>source</Filter>
    </ClCompile>
    <ClCompile Include="D3D9Texture.cpp">
      <Filter>source</Filter>
    </ClCompile>
  </ItemGroup>
</Project>